// !$*UTF8*$!
{
	archiveVersion = 1;
	classes = {
	};
	objectVersion = 55;
	objects = {

/* Begin PBXBuildFile section */
		7C91C7DC28389F8A004F49C7 /* Task_ManagerApp.swift in Sources */ = {isa = PBXBuildFile; fileRef = 7C91C7DB28389F8A004F49C7 /* Task_ManagerApp.swift */; };
		7C91C7DE28389F8A004F49C7 /* ContentView.swift in Sources */ = {isa = PBXBuildFile; fileRef = 7C91C7DD28389F8A004F49C7 /* ContentView.swift */; };
		7C91C7E028389F8B004F49C7 /* Assets.xcassets in Resources */ = {isa = PBXBuildFile; fileRef = 7C91C7DF28389F8B004F49C7 /* Assets.xcassets */; };
		7C91C7E328389F8B004F49C7 /* Preview Assets.xcassets in Resources */ = {isa = PBXBuildFile; fileRef = 7C91C7E228389F8B004F49C7 /* Preview Assets.xcassets */; };
		7C91C7E528389F8B004F49C7 /* Persistence.swift in Sources */ = {isa = PBXBuildFile; fileRef = 7C91C7E428389F8B004F49C7 /* Persistence.swift */; };
		7C91C7E828389F8B004F49C7 /* Task_Manager.xcdatamodeld in Sources */ = {isa = PBXBuildFile; fileRef = 7C91C7E628389F8B004F49C7 /* Task_Manager.xcdatamodeld */; };
		7C91C7F228389F8C004F49C7 /* Task_ManagerTests.swift in Sources */ = {isa = PBXBuildFile; fileRef = 7C91C7F128389F8C004F49C7 /* Task_ManagerTests.swift */; };
		7C91C7FC28389F8C004F49C7 /* Task_ManagerUITests.swift in Sources */ = {isa = PBXBuildFile; fileRef = 7C91C7FB28389F8C004F49C7 /* Task_ManagerUITests.swift */; };
		7C91C7FE28389F8C004F49C7 /* Task_ManagerUITestsLaunchTests.swift in Sources */ = {isa = PBXBuildFile; fileRef = 7C91C7FD28389F8C004F49C7 /* Task_ManagerUITestsLaunchTests.swift */; };
		7C91C80D2838A120004F49C7 /* Home.swift in Sources */ = {isa = PBXBuildFile; fileRef = 7C91C80C2838A120004F49C7 /* Home.swift */; };
		7C91C80F2838A4E2004F49C7 /* TaskViewModel.swift in Sources */ = {isa = PBXBuildFile; fileRef = 7C91C80E2838A4E2004F49C7 /* TaskViewModel.swift */; };
		7C91C8112838AF0D004F49C7 /* AddNewTask.swift in Sources */ = {isa = PBXBuildFile; fileRef = 7C91C8102838AF0D004F49C7 /* AddNewTask.swift */; };
/* End PBXBuildFile section */

/* Begin PBXContainerItemProxy section */
		7C91C7EE28389F8B004F49C7 /* PBXContainerItemProxy */ = {
			isa = PBXContainerItemProxy;
			containerPortal = 7C91C7D028389F8A004F49C7 /* Project object */;
			proxyType = 1;
			remoteGlobalIDString = 7C91C7D728389F8A004F49C7;
			remoteInfo = "Task Manager";
		};
		7C91C7F828389F8C004F49C7 /* PBXContainerItemProxy */ = {
			isa = PBXContainerItemProxy;
			containerPortal = 7C91C7D028389F8A004F49C7 /* Project object */;
			proxyType = 1;
			remoteGlobalIDString = 7C91C7D728389F8A004F49C7;
			remoteInfo = "Task Manager";
		};
/* End PBXContainerItemProxy section */

/* Begin PBXFileReference section */
		7C91C7D828389F8A004F49C7 /* Task Manager.app */ = {isa = PBXFileReference; explicitFileType = wrapper.application; includeInIndex = 0; path = "Task Manager.app"; sourceTree = BUILT_PRODUCTS_DIR; };
		7C91C7DB28389F8A004F49C7 /* Task_ManagerApp.swift */ = {isa = PBXFileReference; lastKnownFileType = sourcecode.swift; path = Task_ManagerApp.swift; sourceTree = "<group>"; };
		7C91C7DD28389F8A004F49C7 /* ContentView.swift */ = {isa = PBXFileReference; lastKnownFileType = sourcecode.swift; path = ContentView.swift; sourceTree = "<group>"; };
		7C91C7DF28389F8B004F49C7 /* Assets.xcassets */ = {isa = PBXFileReference; lastKnownFileType = folder.assetcatalog; path = Assets.xcassets; sourceTree = "<group>"; };
		7C91C7E228389F8B004F49C7 /* Preview Assets.xcassets */ = {isa = PBXFileReference; lastKnownFileType = folder.assetcatalog; path = "Preview Assets.xcassets"; sourceTree = "<group>"; };
		7C91C7E428389F8B004F49C7 /* Persistence.swift */ = {isa = PBXFileReference; lastKnownFileType = sourcecode.swift; path = Persistence.swift; sourceTree = "<group>"; };
		7C91C7E728389F8B004F49C7 /* Task_Manager.xcdatamodel */ = {isa = PBXFileReference; lastKnownFileType = wrapper.xcdatamodel; path = Task_Manager.xcdatamodel; sourceTree = "<group>"; };
		7C91C7ED28389F8B004F49C7 /* Task ManagerTests.xctest */ = {isa = PBXFileReference; explicitFileType = wrapper.cfbundle; includeInIndex = 0; path = "Task ManagerTests.xctest"; sourceTree = BUILT_PRODUCTS_DIR; };
		7C91C7F128389F8C004F49C7 /* Task_ManagerTests.swift */ = {isa = PBXFileReference; lastKnownFileType = sourcecode.swift; path = Task_ManagerTests.swift; sourceTree = "<group>"; };
		7C91C7F728389F8C004F49C7 /* Task ManagerUITests.xctest */ = {isa = PBXFileReference; explicitFileType = wrapper.cfbundle; includeInIndex = 0; path = "Task ManagerUITests.xctest"; sourceTree = BUILT_PRODUCTS_DIR; };
		7C91C7FB28389F8C004F49C7 /* Task_ManagerUITests.swift */ = {isa = PBXFileReference; lastKnownFileType = sourcecode.swift; path = Task_ManagerUITests.swift; sourceTree = "<group>"; };
		7C91C7FD28389F8C004F49C7 /* Task_ManagerUITestsLaunchTests.swift */ = {isa = PBXFileReference; lastKnownFileType = sourcecode.swift; path = Task_ManagerUITestsLaunchTests.swift; sourceTree = "<group>"; };
		7C91C80C2838A120004F49C7 /* Home.swift */ = {isa = PBXFileReference; lastKnownFileType = sourcecode.swift; path = Home.swift; sourceTree = "<group>"; };
		7C91C80E2838A4E2004F49C7 /* TaskViewModel.swift */ = {isa = PBXFileReference; lastKnownFileType = sourcecode.swift; path = TaskViewModel.swift; sourceTree = "<group>"; };
		7C91C8102838AF0D004F49C7 /* AddNewTask.swift */ = {isa = PBXFileReference; lastKnownFileType = sourcecode.swift; path = AddNewTask.swift; sourceTree = "<group>"; };
/* End PBXFileReference section */

/* Begin PBXFrameworksBuildPhase section */
		7C91C7D528389F8A004F49C7 /* Frameworks */ = {
			isa = PBXFrameworksBuildPhase;
			buildActionMask = 2147483647;
			files = (
			);
			runOnlyForDeploymentPostprocessing = 0;
		};
		7C91C7EA28389F8B004F49C7 /* Frameworks */ = {
			isa = PBXFrameworksBuildPhase;
			buildActionMask = 2147483647;
			files = (
			);
			runOnlyForDeploymentPostprocessing = 0;
		};
		7C91C7F428389F8C004F49C7 /* Frameworks */ = {
			isa = PBXFrameworksBuildPhase;
			buildActionMask = 2147483647;
			files = (
			);
			runOnlyForDeploymentPostprocessing = 0;
		};
/* End PBXFrameworksBuildPhase section */

/* Begin PBXGroup section */
		7C91C7CF28389F8A004F49C7 = {
			isa = PBXGroup;
			children = (
				7C91C7DA28389F8A004F49C7 /* Task Manager */,
				7C91C7F028389F8C004F49C7 /* Task ManagerTests */,
				7C91C7FA28389F8C004F49C7 /* Task ManagerUITests */,
				7C91C7D928389F8A004F49C7 /* Products */,
			);
			sourceTree = "<group>";
		};
		7C91C7D928389F8A004F49C7 /* Products */ = {
			isa = PBXGroup;
			children = (
				7C91C7D828389F8A004F49C7 /* Task Manager.app */,
				7C91C7ED28389F8B004F49C7 /* Task ManagerTests.xctest */,
				7C91C7F728389F8C004F49C7 /* Task ManagerUITests.xctest */,
			);
			name = Products;
			sourceTree = "<group>";
		};
		7C91C7DA28389F8A004F49C7 /* Task Manager */ = {
			isa = PBXGroup;
			children = (
				7C91C80B2838A0FE004F49C7 /* ViewModel */,
				7C91C80A2838A0E9004F49C7 /* View */,
				7C91C7DB28389F8A004F49C7 /* Task_ManagerApp.swift */,
				7C91C7DD28389F8A004F49C7 /* ContentView.swift */,
				7C91C7DF28389F8B004F49C7 /* Assets.xcassets */,
				7C91C7E428389F8B004F49C7 /* Persistence.swift */,
				7C91C7E628389F8B004F49C7 /* Task_Manager.xcdatamodeld */,
				7C91C7E128389F8B004F49C7 /* Preview Content */,
			);
			path = "Task Manager";
			sourceTree = "<group>";
		};
		7C91C7E128389F8B004F49C7 /* Preview Content */ = {
			isa = PBXGroup;
			children = (
				7C91C7E228389F8B004F49C7 /* Preview Assets.xcassets */,
			);
			path = "Preview Content";
			sourceTree = "<group>";
		};
		7C91C7F028389F8C004F49C7 /* Task ManagerTests */ = {
			isa = PBXGroup;
			children = (
				7C91C7F128389F8C004F49C7 /* Task_ManagerTests.swift */,
			);
			path = "Task ManagerTests";
			sourceTree = "<group>";
		};
		7C91C7FA28389F8C004F49C7 /* Task ManagerUITests */ = {
			isa = PBXGroup;
			children = (
				7C91C7FB28389F8C004F49C7 /* Task_ManagerUITests.swift */,
				7C91C7FD28389F8C004F49C7 /* Task_ManagerUITestsLaunchTests.swift */,
			);
			path = "Task ManagerUITests";
			sourceTree = "<group>";
		};
		7C91C80A2838A0E9004F49C7 /* View */ = {
			isa = PBXGroup;
			children = (
				7C91C80C2838A120004F49C7 /* Home.swift */,
				7C91C8102838AF0D004F49C7 /* AddNewTask.swift */,
			);
			path = View;
			sourceTree = "<group>";
		};
		7C91C80B2838A0FE004F49C7 /* ViewModel */ = {
			isa = PBXGroup;
			children = (
				7C91C80E2838A4E2004F49C7 /* TaskViewModel.swift */,
			);
			path = ViewModel;
			sourceTree = "<group>";
		};
/* End PBXGroup section */

/* Begin PBXNativeTarget section */
		7C91C7D728389F8A004F49C7 /* Task Manager */ = {
			isa = PBXNativeTarget;
			buildConfigurationList = 7C91C80128389F8C004F49C7 /* Build configuration list for PBXNativeTarget "Task Manager" */;
			buildPhases = (
				7C91C7D428389F8A004F49C7 /* Sources */,
				7C91C7D528389F8A004F49C7 /* Frameworks */,
				7C91C7D628389F8A004F49C7 /* Resources */,
			);
			buildRules = (
			);
			dependencies = (
			);
			name = "Task Manager";
			productName = "Task Manager";
			productReference = 7C91C7D828389F8A004F49C7 /* Task Manager.app */;
			productType = "com.apple.product-type.application";
		};
		7C91C7EC28389F8B004F49C7 /* Task ManagerTests */ = {
			isa = PBXNativeTarget;
			buildConfigurationList = 7C91C80428389F8C004F49C7 /* Build configuration list for PBXNativeTarget "Task ManagerTests" */;
			buildPhases = (
				7C91C7E928389F8B004F49C7 /* Sources */,
				7C91C7EA28389F8B004F49C7 /* Frameworks */,
				7C91C7EB28389F8B004F49C7 /* Resources */,
			);
			buildRules = (
			);
			dependencies = (
				7C91C7EF28389F8B004F49C7 /* PBXTargetDependency */,
			);
			name = "Task ManagerTests";
			productName = "Task ManagerTests";
			productReference = 7C91C7ED28389F8B004F49C7 /* Task ManagerTests.xctest */;
			productType = "com.apple.product-type.bundle.unit-test";
		};
		7C91C7F628389F8C004F49C7 /* Task ManagerUITests */ = {
			isa = PBXNativeTarget;
			buildConfigurationList = 7C91C80728389F8C004F49C7 /* Build configuration list for PBXNativeTarget "Task ManagerUITests" */;
			buildPhases = (
				7C91C7F328389F8C004F49C7 /* Sources */,
				7C91C7F428389F8C004F49C7 /* Frameworks */,
				7C91C7F528389F8C004F49C7 /* Resources */,
			);
			buildRules = (
			);
			dependencies = (
				7C91C7F928389F8C004F49C7 /* PBXTargetDependency */,
			);
			name = "Task ManagerUITests";
			productName = "Task ManagerUITests";
			productReference = 7C91C7F728389F8C004F49C7 /* Task ManagerUITests.xctest */;
			productType = "com.apple.product-type.bundle.ui-testing";
		};
/* End PBXNativeTarget section */

/* Begin PBXProject section */
		7C91C7D028389F8A004F49C7 /* Project object */ = {
			isa = PBXProject;
			attributes = {
				BuildIndependentTargetsInParallel = 1;
				LastSwiftUpdateCheck = 1340;
				LastUpgradeCheck = 1340;
				TargetAttributes = {
					7C91C7D728389F8A004F49C7 = {
						CreatedOnToolsVersion = 13.4;
					};
					7C91C7EC28389F8B004F49C7 = {
						CreatedOnToolsVersion = 13.4;
						TestTargetID = 7C91C7D728389F8A004F49C7;
					};
					7C91C7F628389F8C004F49C7 = {
						CreatedOnToolsVersion = 13.4;
						TestTargetID = 7C91C7D728389F8A004F49C7;
					};
				};
			};
			buildConfigurationList = 7C91C7D328389F8A004F49C7 /* Build configuration list for PBXProject "Task Manager" */;
			compatibilityVersion = "Xcode 13.0";
			developmentRegion = en;
			hasScannedForEncodings = 0;
			knownRegions = (
				en,
				Base,
			);
			mainGroup = 7C91C7CF28389F8A004F49C7;
			productRefGroup = 7C91C7D928389F8A004F49C7 /* Products */;
			projectDirPath = "";
			projectRoot = "";
			targets = (
				7C91C7D728389F8A004F49C7 /* Task Manager */,
				7C91C7EC28389F8B004F49C7 /* Task ManagerTests */,
				7C91C7F628389F8C004F49C7 /* Task ManagerUITests */,
			);
		};
/* End PBXProject section */

/* Begin PBXResourcesBuildPhase section */
		7C91C7D628389F8A004F49C7 /* Resources */ = {
			isa = PBXResourcesBuildPhase;
			buildActionMask = 2147483647;
			files = (
				7C91C7E328389F8B004F49C7 /* Preview Assets.xcassets in Resources */,
				7C91C7E028389F8B004F49C7 /* Assets.xcassets in Resources */,
			);
			runOnlyForDeploymentPostprocessing = 0;
		};
		7C91C7EB28389F8B004F49C7 /* Resources */ = {
			isa = PBXResourcesBuildPhase;
			buildActionMask = 2147483647;
			files = (
			);
			runOnlyForDeploymentPostprocessing = 0;
		};
		7C91C7F528389F8C004F49C7 /* Resources */ = {
			isa = PBXResourcesBuildPhase;
			buildActionMask = 2147483647;
			files = (
			);
			runOnlyForDeploymentPostprocessing = 0;
		};
/* End PBXResourcesBuildPhase section */

/* Begin PBXSourcesBuildPhase section */
		7C91C7D428389F8A004F49C7 /* Sources */ = {
			isa = PBXSourcesBuildPhase;
			buildActionMask = 2147483647;
			files = (
				7C91C7E528389F8B004F49C7 /* Persistence.swift in Sources */,
				7C91C80F2838A4E2004F49C7 /* TaskViewModel.swift in Sources */,
				7C91C7DE28389F8A004F49C7 /* ContentView.swift in Sources */,
				7C91C80D2838A120004F49C7 /* Home.swift in Sources */,
				7C91C8112838AF0D004F49C7 /* AddNewTask.swift in Sources */,
				7C91C7E828389F8B004F49C7 /* Task_Manager.xcdatamodeld in Sources */,
				7C91C7DC28389F8A004F49C7 /* Task_ManagerApp.swift in Sources */,
			);
			runOnlyForDeploymentPostprocessing = 0;
		};
		7C91C7E928389F8B004F49C7 /* Sources */ = {
			isa = PBXSourcesBuildPhase;
			buildActionMask = 2147483647;
			files = (
				7C91C7F228389F8C004F49C7 /* Task_ManagerTests.swift in Sources */,
			);
			runOnlyForDeploymentPostprocessing = 0;
		};
		7C91C7F328389F8C004F49C7 /* Sources */ = {
			isa = PBXSourcesBuildPhase;
			buildActionMask = 2147483647;
			files = (
				7C91C7FC28389F8C004F49C7 /* Task_ManagerUITests.swift in Sources */,
				7C91C7FE28389F8C004F49C7 /* Task_ManagerUITestsLaunchTests.swift in Sources */,
			);
			runOnlyForDeploymentPostprocessing = 0;
		};
/* End PBXSourcesBuildPhase section */

/* Begin PBXTargetDependency section */
		7C91C7EF28389F8B004F49C7 /* PBXTargetDependency */ = {
			isa = PBXTargetDependency;
			target = 7C91C7D728389F8A004F49C7 /* Task Manager */;
			targetProxy = 7C91C7EE28389F8B004F49C7 /* PBXContainerItemProxy */;
		};
		7C91C7F928389F8C004F49C7 /* PBXTargetDependency */ = {
			isa = PBXTargetDependency;
			target = 7C91C7D728389F8A004F49C7 /* Task Manager */;
			targetProxy = 7C91C7F828389F8C004F49C7 /* PBXContainerItemProxy */;
		};
/* End PBXTargetDependency section */

/* Begin XCBuildConfiguration section */
		7C91C7FF28389F8C004F49C7 /* Debug */ = {
			isa = XCBuildConfiguration;
			buildSettings = {
				ALWAYS_SEARCH_USER_PATHS = NO;
				CLANG_ANALYZER_NONNULL = YES;
				CLANG_ANALYZER_NUMBER_OBJECT_CONVERSION = YES_AGGRESSIVE;
				CLANG_CXX_LANGUAGE_STANDARD = "gnu++17";
				CLANG_ENABLE_MODULES = YES;
				CLANG_ENABLE_OBJC_ARC = YES;
				CLANG_ENABLE_OBJC_WEAK = YES;
				CLANG_WARN_BLOCK_CAPTURE_AUTORELEASING = YES;
				CLANG_WARN_BOOL_CONVERSION = YES;
				CLANG_WARN_COMMA = YES;
				CLANG_WARN_CONSTANT_CONVERSION = YES;
				CLANG_WARN_DEPRECATED_OBJC_IMPLEMENTATIONS = YES;
				CLANG_WARN_DIRECT_OBJC_ISA_USAGE = YES_ERROR;
				CLANG_WARN_DOCUMENTATION_COMMENTS = YES;
				CLANG_WARN_EMPTY_BODY = YES;
				CLANG_WARN_ENUM_CONVERSION = YES;
				CLANG_WARN_INFINITE_RECURSION = YES;
				CLANG_WARN_INT_CONVERSION = YES;
				CLANG_WARN_NON_LITERAL_NULL_CONVERSION = YES;
				CLANG_WARN_OBJC_IMPLICIT_RETAIN_SELF = YES;
				CLANG_WARN_OBJC_LITERAL_CONVERSION = YES;
				CLANG_WARN_OBJC_ROOT_CLASS = YES_ERROR;
				CLANG_WARN_QUOTED_INCLUDE_IN_FRAMEWORK_HEADER = YES;
				CLANG_WARN_RANGE_LOOP_ANALYSIS = YES;
				CLANG_WARN_STRICT_PROTOTYPES = YES;
				CLANG_WARN_SUSPICIOUS_MOVE = YES;
				CLANG_WARN_UNGUARDED_AVAILABILITY = YES_AGGRESSIVE;
				CLANG_WARN_UNREACHABLE_CODE = YES;
				CLANG_WARN__DUPLICATE_METHOD_MATCH = YES;
				COPY_PHASE_STRIP = NO;
				DEBUG_INFORMATION_FORMAT = dwarf;
				ENABLE_STRICT_OBJC_MSGSEND = YES;
				ENABLE_TESTABILITY = YES;
				GCC_C_LANGUAGE_STANDARD = gnu11;
				GCC_DYNAMIC_NO_PIC = NO;
				GCC_NO_COMMON_BLOCKS = YES;
				GCC_OPTIMIZATION_LEVEL = 0;
				GCC_PREPROCESSOR_DEFINITIONS = (
					"DEBUG=1",
					"$(inherited)",
				);
				GCC_WARN_64_TO_32_BIT_CONVERSION = YES;
				GCC_WARN_ABOUT_RETURN_TYPE = YES_ERROR;
				GCC_WARN_UNDECLARED_SELECTOR = YES;
				GCC_WARN_UNINITIALIZED_AUTOS = YES_AGGRESSIVE;
				GCC_WARN_UNUSED_FUNCTION = YES;
				GCC_WARN_UNUSED_VARIABLE = YES;
				IPHONEOS_DEPLOYMENT_TARGET = 15.5;
				MTL_ENABLE_DEBUG_INFO = INCLUDE_SOURCE;
				MTL_FAST_MATH = YES;
				ONLY_ACTIVE_ARCH = YES;
				SDKROOT = iphoneos;
				SWIFT_ACTIVE_COMPILATION_CONDITIONS = DEBUG;
				SWIFT_OPTIMIZATION_LEVEL = "-Onone";
			};
			name = Debug;
		};
		7C91C80028389F8C004F49C7 /* Release */ = {
			isa = XCBuildConfiguration;
			buildSettings = {
				ALWAYS_SEARCH_USER_PATHS = NO;
				CLANG_ANALYZER_NONNULL = YES;
				CLANG_ANALYZER_NUMBER_OBJECT_CONVERSION = YES_AGGRESSIVE;
				CLANG_CXX_LANGUAGE_STANDARD = "gnu++17";
				CLANG_ENABLE_MODULES = YES;
				CLANG_ENABLE_OBJC_ARC = YES;
				CLANG_ENABLE_OBJC_WEAK = YES;
				CLANG_WARN_BLOCK_CAPTURE_AUTORELEASING = YES;
				CLANG_WARN_BOOL_CONVERSION = YES;
				CLANG_WARN_COMMA = YES;
				CLANG_WARN_CONSTANT_CONVERSION = YES;
				CLANG_WARN_DEPRECATED_OBJC_IMPLEMENTATIONS = YES;
				CLANG_WARN_DIRECT_OBJC_ISA_USAGE = YES_ERROR;
				CLANG_WARN_DOCUMENTATION_COMMENTS = YES;
				CLANG_WARN_EMPTY_BODY = YES;
				CLANG_WARN_ENUM_CONVERSION = YES;
				CLANG_WARN_INFINITE_RECURSION = YES;
				CLANG_WARN_INT_CONVERSION = YES;
				CLANG_WARN_NON_LITERAL_NULL_CONVERSION = YES;
				CLANG_WARN_OBJC_IMPLICIT_RETAIN_SELF = YES;
				CLANG_WARN_OBJC_LITERAL_CONVERSION = YES;
				CLANG_WARN_OBJC_ROOT_CLASS = YES_ERROR;
				CLANG_WARN_QUOTED_INCLUDE_IN_FRAMEWORK_HEADER = YES;
				CLANG_WARN_RANGE_LOOP_ANALYSIS = YES;
				CLANG_WARN_STRICT_PROTOTYPES = YES;
				CLANG_WARN_SUSPICIOUS_MOVE = YES;
				CLANG_WARN_UNGUARDED_AVAILABILITY = YES_AGGRESSIVE;
				CLANG_WARN_UNREACHABLE_CODE = YES;
				CLANG_WARN__DUPLICATE_METHOD_MATCH = YES;
				COPY_PHASE_STRIP = NO;
				DEBUG_INFORMATION_FORMAT = "dwarf-with-dsym";
				ENABLE_NS_ASSERTIONS = NO;
				ENABLE_STRICT_OBJC_MSGSEND = YES;
				GCC_C_LANGUAGE_STANDARD = gnu11;
				GCC_NO_COMMON_BLOCKS = YES;
				GCC_WARN_64_TO_32_BIT_CONVERSION = YES;
				GCC_WARN_ABOUT_RETURN_TYPE = YES_ERROR;
				GCC_WARN_UNDECLARED_SELECTOR = YES;
				GCC_WARN_UNINITIALIZED_AUTOS = YES_AGGRESSIVE;
				GCC_WARN_UNUSED_FUNCTION = YES;
				GCC_WARN_UNUSED_VARIABLE = YES;
				IPHONEOS_DEPLOYMENT_TARGET = 15.5;
				MTL_ENABLE_DEBUG_INFO = NO;
				MTL_FAST_MATH = YES;
				SDKROOT = iphoneos;
				SWIFT_COMPILATION_MODE = wholemodule;
				SWIFT_OPTIMIZATION_LEVEL = "-O";
				VALIDATE_PRODUCT = YES;
			};
			name = Release;
		};
		7C91C80228389F8C004F49C7 /* Debug */ = {
			isa = XCBuildConfiguration;
			buildSettings = {
				ASSETCATALOG_COMPILER_APPICON_NAME = AppIcon;
				ASSETCATALOG_COMPILER_GLOBAL_ACCENT_COLOR_NAME = AccentColor;
				CODE_SIGN_STYLE = Automatic;
				CURRENT_PROJECT_VERSION = 1;
				DEVELOPMENT_ASSET_PATHS = "\"Task Manager/Preview Content\"";
				DEVELOPMENT_TEAM = JZH9NDBP5D;
				ENABLE_PREVIEWS = YES;
				GENERATE_INFOPLIST_FILE = YES;
				INFOPLIST_KEY_UIApplicationSceneManifest_Generation = YES;
				INFOPLIST_KEY_UIApplicationSupportsIndirectInputEvents = YES;
				INFOPLIST_KEY_UILaunchScreen_Generation = YES;
				INFOPLIST_KEY_UISupportedInterfaceOrientations_iPad = "UIInterfaceOrientationPortrait UIInterfaceOrientationPortraitUpsideDown UIInterfaceOrientationLandscapeLeft UIInterfaceOrientationLandscapeRight";
				INFOPLIST_KEY_UISupportedInterfaceOrientations_iPhone = "UIInterfaceOrientationPortrait UIInterfaceOrientationLandscapeLeft UIInterfaceOrientationLandscapeRight";
				LD_RUNPATH_SEARCH_PATHS = (
					"$(inherited)",
					"@executable_path/Frameworks",
				);
				MARKETING_VERSION = 1.0;
				PRODUCT_BUNDLE_IDENTIFIER = "com.trakto.Task-Manager";
				PRODUCT_NAME = "$(TARGET_NAME)";
				SWIFT_EMIT_LOC_STRINGS = YES;
				SWIFT_VERSION = 5.0;
				TARGETED_DEVICE_FAMILY = "1,2";
			};
			name = Debug;
		};
		7C91C80328389F8C004F49C7 /* Release */ = {
			isa = XCBuildConfiguration;
			buildSettings = {
				ASSETCATALOG_COMPILER_APPICON_NAME = AppIcon;
				ASSETCATALOG_COMPILER_GLOBAL_ACCENT_COLOR_NAME = AccentColor;
				CODE_SIGN_STYLE = Automatic;
				CURRENT_PROJECT_VERSION = 1;
				DEVELOPMENT_ASSET_PATHS = "\"Task Manager/Preview Content\"";
				DEVELOPMENT_TEAM = JZH9NDBP5D;
				ENABLE_PREVIEWS = YES;
				GENERATE_INFOPLIST_FILE = YES;
				INFOPLIST_KEY_UIApplicationSceneManifest_Generation = YES;
				INFOPLIST_KEY_UIApplicationSupportsIndirectInputEvents = YES;
				INFOPLIST_KEY_UILaunchScreen_Generation = YES;
				INFOPLIST_KEY_UISupportedInterfaceOrientations_iPad = "UIInterfaceOrientationPortrait UIInterfaceOrientationPortraitUpsideDown UIInterfaceOrientationLandscapeLeft UIInterfaceOrientationLandscapeRight";
				INFOPLIST_KEY_UISupportedInterfaceOrientations_iPhone = "UIInterfaceOrientationPortrait UIInterfaceOrientationLandscapeLeft UIInterfaceOrientationLandscapeRight";
				LD_RUNPATH_SEARCH_PATHS = (
					"$(inherited)",
					"@executable_path/Frameworks",
				);
				MARKETING_VERSION = 1.0;
				PRODUCT_BUNDLE_IDENTIFIER = "com.trakto.Task-Manager";
				PRODUCT_NAME = "$(TARGET_NAME)";
				SWIFT_EMIT_LOC_STRINGS = YES;
				SWIFT_VERSION = 5.0;
				TARGETED_DEVICE_FAMILY = "1,2";
			};
			name = Release;
		};
		7C91C80528389F8C004F49C7 /* Debug */ = {
			isa = XCBuildConfiguration;
			buildSettings = {
				ALWAYS_EMBED_SWIFT_STANDARD_LIBRARIES = YES;
				BUNDLE_LOADER = "$(TEST_HOST)";
				CODE_SIGN_STYLE = Automatic;
				CURRENT_PROJECT_VERSION = 1;
				DEVELOPMENT_TEAM = JZH9NDBP5D;
				GENERATE_INFOPLIST_FILE = YES;
				IPHONEOS_DEPLOYMENT_TARGET = 15.5;
				MARKETING_VERSION = 1.0;
				PRODUCT_BUNDLE_IDENTIFIER = "com.trakto.Task-ManagerTests";
				PRODUCT_NAME = "$(TARGET_NAME)";
				SWIFT_EMIT_LOC_STRINGS = NO;
				SWIFT_VERSION = 5.0;
				TARGETED_DEVICE_FAMILY = "1,2";
				TEST_HOST = "$(BUILT_PRODUCTS_DIR)/Task Manager.app/Task Manager";
			};
			name = Debug;
		};
		7C91C80628389F8C004F49C7 /* Release */ = {
			isa = XCBuildConfiguration;
			buildSettings = {
				ALWAYS_EMBED_SWIFT_STANDARD_LIBRARIES = YES;
				BUNDLE_LOADER = "$(TEST_HOST)";
				CODE_SIGN_STYLE = Automatic;
				CURRENT_PROJECT_VERSION = 1;
				DEVELOPMENT_TEAM = JZH9NDBP5D;
				GENERATE_INFOPLIST_FILE = YES;
				IPHONEOS_DEPLOYMENT_TARGET = 15.5;
				MARKETING_VERSION = 1.0;
				PRODUCT_BUNDLE_IDENTIFIER = "com.trakto.Task-ManagerTests";
				PRODUCT_NAME = "$(TARGET_NAME)";
				SWIFT_EMIT_LOC_STRINGS = NO;
				SWIFT_VERSION = 5.0;
				TARGETED_DEVICE_FAMILY = "1,2";
				TEST_HOST = "$(BUILT_PRODUCTS_DIR)/Task Manager.app/Task Manager";
			};
			name = Release;
		};
		7C91C80828389F8C004F49C7 /* Debug */ = {
			isa = XCBuildConfiguration;
			buildSettings = {
				ALWAYS_EMBED_SWIFT_STANDARD_LIBRARIES = YES;
				CODE_SIGN_STYLE = Automatic;
				CURRENT_PROJECT_VERSION = 1;
				DEVELOPMENT_TEAM = JZH9NDBP5D;
				GENERATE_INFOPLIST_FILE = YES;
				MARKETING_VERSION = 1.0;
				PRODUCT_BUNDLE_IDENTIFIER = "com.trakto.Task-ManagerUITests";
				PRODUCT_NAME = "$(TARGET_NAME)";
				SWIFT_EMIT_LOC_STRINGS = NO;
				SWIFT_VERSION = 5.0;
				TARGETED_DEVICE_FAMILY = "1,2";
				TEST_TARGET_NAME = "Task Manager";
			};
			name = Debug;
		};
		7C91C80928389F8C004F49C7 /* Release */ = {
			isa = XCBuildConfiguration;
			buildSettings = {
				ALWAYS_EMBED_SWIFT_STANDARD_LIBRARIES = YES;
				CODE_SIGN_STYLE = Automatic;
				CURRENT_PROJECT_VERSION = 1;
				DEVELOPMENT_TEAM = JZH9NDBP5D;
				GENERATE_INFOPLIST_FILE = YES;
				MARKETING_VERSION = 1.0;
				PRODUCT_BUNDLE_IDENTIFIER = "com.trakto.Task-ManagerUITests";
				PRODUCT_NAME = "$(TARGET_NAME)";
				SWIFT_EMIT_LOC_STRINGS = NO;
				SWIFT_VERSION = 5.0;
				TARGETED_DEVICE_FAMILY = "1,2";
				TEST_TARGET_NAME = "Task Manager";
			};
			name = Release;
		};
/* End XCBuildConfiguration section */

/* Begin XCConfigurationList section */
		7C91C7D328389F8A004F49C7 /* Build configuration list for PBXProject "Task Manager" */ = {
			isa = XCConfigurationList;
			buildConfigurations = (
				7C91C7FF28389F8C004F49C7 /* Debug */,
				7C91C80028389F8C004F49C7 /* Release */,
			);
			defaultConfigurationIsVisible = 0;
			defaultConfigurationName = Release;
		};
		7C91C80128389F8C004F49C7 /* Build configuration list for PBXNativeTarget "Task Manager" */ = {
			isa = XCConfigurationList;
			buildConfigurations = (
				7C91C80228389F8C004F49C7 /* Debug */,
				7C91C80328389F8C004F49C7 /* Release */,
			);
			defaultConfigurationIsVisible = 0;
			defaultConfigurationName = Release;
		};
		7C91C80428389F8C004F49C7 /* Build configuration list for PBXNativeTarget "Task ManagerTests" */ = {
			isa = XCConfigurationList;
			buildConfigurations = (
				7C91C80528389F8C004F49C7 /* Debug */,
				7C91C80628389F8C004F49C7 /* Release */,
			);
			defaultConfigurationIsVisible = 0;
			defaultConfigurationName = Release;
		};
		7C91C80728389F8C004F49C7 /* Build configuration list for PBXNativeTarget "Task ManagerUITests" */ = {
			isa = XCConfigurationList;
			buildConfigurations = (
				7C91C80828389F8C004F49C7 /* Debug */,
				7C91C80928389F8C004F49C7 /* Release */,
			);
			defaultConfigurationIsVisible = 0;
			defaultConfigurationName = Release;
		};
/* End XCConfigurationList section */

/* Begin XCVersionGroup section */
		7C91C7E628389F8B004F49C7 /* Task_Manager.xcdatamodeld */ = {
			isa = XCVersionGroup;
			children = (
				7C91C7E728389F8B004F49C7 /* Task_Manager.xcdatamodel */,
			);
			currentVersion = 7C91C7E728389F8B004F49C7 /* Task_Manager.xcdatamodel */;
			path = Task_Manager.xcdatamodeld;
			sourceTree = "<group>";
			versionGroupType = wrapper.xcdatamodel;
		};
/* End XCVersionGroup section */
	};
	rootObject = 7C91C7D028389F8A004F49C7 /* Project object */;
}
